// !$*UTF8*$!
{
	archiveVersion = 1;
	classes = {
	};
	objectVersion = 50;
	objects = {

/* Begin PBXBuildFile section */
		451D710422A155FF00EB52CC /* Widget2BuilderV2.swift in Sources */ = {isa = PBXBuildFile; fileRef = 451D710322A155FF00EB52CC /* Widget2BuilderV2.swift */; };
		45281ADA2284772D002FD08B /* WidgetContainerView.swift in Sources */ = {isa = PBXBuildFile; fileRef = 45281AD92284772D002FD08B /* WidgetContainerView.swift */; };
		45281ADC22848961002FD08B /* WidgetContainerViewController.swift in Sources */ = {isa = PBXBuildFile; fileRef = 45281ADB22848961002FD08B /* WidgetContainerViewController.swift */; };
		45281ADE22848B50002FD08B /* DashboardView.swift in Sources */ = {isa = PBXBuildFile; fileRef = 45281ADD22848B50002FD08B /* DashboardView.swift */; };
		45281AEA22848C7D002FD08B /* DashboardScrollView.swift in Sources */ = {isa = PBXBuildFile; fileRef = 45281AE922848C7D002FD08B /* DashboardScrollView.swift */; };
		454836042278B4D50024FF11 /* AppDelegate.swift in Sources */ = {isa = PBXBuildFile; fileRef = 454836032278B4D50024FF11 /* AppDelegate.swift */; };
		454836062278B4D50024FF11 /* DashboardController.swift in Sources */ = {isa = PBXBuildFile; fileRef = 454836052278B4D50024FF11 /* DashboardController.swift */; };
		4548360B2278B4D70024FF11 /* Assets.xcassets in Resources */ = {isa = PBXBuildFile; fileRef = 4548360A2278B4D70024FF11 /* Assets.xcassets */; };
		4548360E2278B4D70024FF11 /* LaunchScreen.storyboard in Resources */ = {isa = PBXBuildFile; fileRef = 4548360C2278B4D70024FF11 /* LaunchScreen.storyboard */; };
		454836172278B6390024FF11 /* Widget.swift in Sources */ = {isa = PBXBuildFile; fileRef = 454836162278B6390024FF11 /* Widget.swift */; };
		4548361A2278B6B80024FF11 /* DashboardInteractor.swift in Sources */ = {isa = PBXBuildFile; fileRef = 454836192278B6B80024FF11 /* DashboardInteractor.swift */; };
		4548361C2278B6C20024FF11 /* DashboardPresenter.swift in Sources */ = {isa = PBXBuildFile; fileRef = 4548361B2278B6C20024FF11 /* DashboardPresenter.swift */; };
		4548361E2278B6CD0024FF11 /* DashboardDataFlow.swift in Sources */ = {isa = PBXBuildFile; fileRef = 4548361D2278B6CD0024FF11 /* DashboardDataFlow.swift */; };
		454836202278B6DE0024FF11 /* DashboardBuilder.swift in Sources */ = {isa = PBXBuildFile; fileRef = 4548361F2278B6DE0024FF11 /* DashboardBuilder.swift */; };
		454836222278B92E0024FF11 /* WidgetFactory.swift in Sources */ = {isa = PBXBuildFile; fileRef = 454836212278B92E0024FF11 /* WidgetFactory.swift */; };
		454B7E3E22884DA200CEAA0F /* WidgetIncomingEventNotifier.swift in Sources */ = {isa = PBXBuildFile; fileRef = 454B7E3D22884DA200CEAA0F /* WidgetIncomingEventNotifier.swift */; };
		454B7E4222884E9800CEAA0F /* WidgetSubscriptionsHandler.swift in Sources */ = {isa = PBXBuildFile; fileRef = 454B7E4122884E9800CEAA0F /* WidgetSubscriptionsHandler.swift */; };
		454FC5F422A2CEFC00F8BBB0 /* WidgetTranslator.swift in Sources */ = {isa = PBXBuildFile; fileRef = 454FC5F322A2CEFC00F8BBB0 /* WidgetTranslator.swift */; };
		454FC5F822A30CCA00F8BBB0 /* Widget2Builder.swift in Sources */ = {isa = PBXBuildFile; fileRef = 454FC5F722A30CCA00F8BBB0 /* Widget2Builder.swift */; };
		4551B707229D6E8D00CEAB59 /* Widget1Model.swift in Sources */ = {isa = PBXBuildFile; fileRef = 4551B706229D6E8D00CEAB59 /* Widget1Model.swift */; };
		4551B709229D6E9E00CEAB59 /* Widget2Model.swift in Sources */ = {isa = PBXBuildFile; fileRef = 4551B708229D6E9E00CEAB59 /* Widget2Model.swift */; };
		4551B70B229D6EA700CEAB59 /* Widget3Model.swift in Sources */ = {isa = PBXBuildFile; fileRef = 4551B70A229D6EA700CEAB59 /* Widget3Model.swift */; };
		4551B70D229D6F0200CEAB59 /* Widget1Translator.swift in Sources */ = {isa = PBXBuildFile; fileRef = 4551B70C229D6F0200CEAB59 /* Widget1Translator.swift */; };
		4551B70F229D6F0A00CEAB59 /* Widget2Translator.swift in Sources */ = {isa = PBXBuildFile; fileRef = 4551B70E229D6F0A00CEAB59 /* Widget2Translator.swift */; };
		4551B711229D6F1300CEAB59 /* Widget3Translator.swift in Sources */ = {isa = PBXBuildFile; fileRef = 4551B710229D6F1300CEAB59 /* Widget3Translator.swift */; };
		4551B713229D6FC200CEAB59 /* WidgetContaierTranslator.swift in Sources */ = {isa = PBXBuildFile; fileRef = 4551B712229D6FC200CEAB59 /* WidgetContaierTranslator.swift */; };
		4551B715229D6FCE00CEAB59 /* WidgetContainerModel.swift in Sources */ = {isa = PBXBuildFile; fileRef = 4551B714229D6FCE00CEAB59 /* WidgetContainerModel.swift */; };
		456A02F42307E400009B7105 /* Widget4TableCell.swift in Sources */ = {isa = PBXBuildFile; fileRef = 456A02F32307E400009B7105 /* Widget4TableCell.swift */; };
		456A02F62307E50D009B7105 /* Widget4TableViewDataSource.swift in Sources */ = {isa = PBXBuildFile; fileRef = 456A02F52307E50D009B7105 /* Widget4TableViewDataSource.swift */; };
		456A02F82307F0F9009B7105 /* Widget4TableView.swift in Sources */ = {isa = PBXBuildFile; fileRef = 456A02F72307F0F9009B7105 /* Widget4TableView.swift */; };
		456A02FA2307F2E0009B7105 /* Widget4ExpandCell.swift in Sources */ = {isa = PBXBuildFile; fileRef = 456A02F92307F2E0009B7105 /* Widget4ExpandCell.swift */; };
		456A0A1023080796009B7105 /* Widget4TableViewDelegate.swift in Sources */ = {isa = PBXBuildFile; fileRef = 456A0A0F23080796009B7105 /* Widget4TableViewDelegate.swift */; };
		456A0A12230808C4009B7105 /* Widget4TableCellViewModel.swift in Sources */ = {isa = PBXBuildFile; fileRef = 456A0A11230808C4009B7105 /* Widget4TableCellViewModel.swift */; };
		456A0A1423080FCA009B7105 /* Widget4DataStore.swift in Sources */ = {isa = PBXBuildFile; fileRef = 456A0A1323080FCA009B7105 /* Widget4DataStore.swift */; };
		456A113B23093D0D009B7105 /* Widget4ExpandView.swift in Sources */ = {isa = PBXBuildFile; fileRef = 456A113A23093D0D009B7105 /* Widget4ExpandView.swift */; };
		456AFBD62307D9BD009B7105 /* Widget4Model.swift in Sources */ = {isa = PBXBuildFile; fileRef = 456AFBCE2307D9BD009B7105 /* Widget4Model.swift */; };
		456AFBD72307D9BD009B7105 /* Widget4DataFlow.swift in Sources */ = {isa = PBXBuildFile; fileRef = 456AFBCF2307D9BD009B7105 /* Widget4DataFlow.swift */; };
		456AFBD82307D9BD009B7105 /* Widget4ViewController.swift in Sources */ = {isa = PBXBuildFile; fileRef = 456AFBD02307D9BD009B7105 /* Widget4ViewController.swift */; };
		456AFBD92307D9BD009B7105 /* Widget4Presenter.swift in Sources */ = {isa = PBXBuildFile; fileRef = 456AFBD12307D9BD009B7105 /* Widget4Presenter.swift */; };
		456AFBDA2307D9BD009B7105 /* Widget4Translator.swift in Sources */ = {isa = PBXBuildFile; fileRef = 456AFBD22307D9BD009B7105 /* Widget4Translator.swift */; };
		456AFBDB2307D9BD009B7105 /* Widget4Interactor.swift in Sources */ = {isa = PBXBuildFile; fileRef = 456AFBD32307D9BD009B7105 /* Widget4Interactor.swift */; };
		456AFBDC2307D9BD009B7105 /* Widget4Builder.swift in Sources */ = {isa = PBXBuildFile; fileRef = 456AFBD42307D9BD009B7105 /* Widget4Builder.swift */; };
		456AFBDE2307DA91009B7105 /* Widget4View.swift in Sources */ = {isa = PBXBuildFile; fileRef = 456AFBDD2307DA91009B7105 /* Widget4View.swift */; };
		457DA8EB22A02743001250AA /* Widget2VersionTranslator.swift in Sources */ = {isa = PBXBuildFile; fileRef = 457DA8EA22A02743001250AA /* Widget2VersionTranslator.swift */; };
		457DA8F722A1493F001250AA /* Widget2ViewControllerV2.swift in Sources */ = {isa = PBXBuildFile; fileRef = 457DA8F122A1493F001250AA /* Widget2ViewControllerV2.swift */; };
		457DA8F822A1493F001250AA /* Widget2InteractorV2.swift in Sources */ = {isa = PBXBuildFile; fileRef = 457DA8F222A1493F001250AA /* Widget2InteractorV2.swift */; };
		457DA8F922A1493F001250AA /* Widget2DataFlowV2.swift in Sources */ = {isa = PBXBuildFile; fileRef = 457DA8F322A1493F001250AA /* Widget2DataFlowV2.swift */; };
		457DA8FB22A1493F001250AA /* Widget2ViewV2.swift in Sources */ = {isa = PBXBuildFile; fileRef = 457DA8F522A1493F001250AA /* Widget2ViewV2.swift */; };
		457DA8FC22A1493F001250AA /* Widget2PresenterV2.swift in Sources */ = {isa = PBXBuildFile; fileRef = 457DA8F622A1493F001250AA /* Widget2PresenterV2.swift */; };
		45939A0A22A31EAA00B023CA /* UIColor+ HEX.swift in Sources */ = {isa = PBXBuildFile; fileRef = 45939A0922A31EAA00B023CA /* UIColor+ HEX.swift */; };
		45CF8E662289792D00D6CE9C /* WidgetProvider.swift in Sources */ = {isa = PBXBuildFile; fileRef = 45CF8E652289792D00D6CE9C /* WidgetProvider.swift */; };
		45CF8E6822898A3400D6CE9C /* WidgetDataStore.swift in Sources */ = {isa = PBXBuildFile; fileRef = 45CF8E6722898A3400D6CE9C /* WidgetDataStore.swift */; };
		45CF8E6A22898B8000D6CE9C /* WidgetService.swift in Sources */ = {isa = PBXBuildFile; fileRef = 45CF8E6922898B8000D6CE9C /* WidgetService.swift */; };
		45CF8E6C228991B200D6CE9C /* WidgetTypesProvider.swift in Sources */ = {isa = PBXBuildFile; fileRef = 45CF8E6B228991B200D6CE9C /* WidgetTypesProvider.swift */; };
		45F26A152285B5190097CFC6 /* Widget3Presenter.swift in Sources */ = {isa = PBXBuildFile; fileRef = 45F26A012285B5190097CFC6 /* Widget3Presenter.swift */; };
		45F26A162285B5190097CFC6 /* Widget3Interactor.swift in Sources */ = {isa = PBXBuildFile; fileRef = 45F26A022285B5190097CFC6 /* Widget3Interactor.swift */; };
		45F26A172285B5190097CFC6 /* Widget3ViewController.swift in Sources */ = {isa = PBXBuildFile; fileRef = 45F26A032285B5190097CFC6 /* Widget3ViewController.swift */; };
		45F26A182285B5190097CFC6 /* Widget3DataFlow.swift in Sources */ = {isa = PBXBuildFile; fileRef = 45F26A042285B5190097CFC6 /* Widget3DataFlow.swift */; };
		45F26A192285B5190097CFC6 /* Widget3Builder.swift in Sources */ = {isa = PBXBuildFile; fileRef = 45F26A052285B5190097CFC6 /* Widget3Builder.swift */; };
		45F26A1A2285B5190097CFC6 /* Widget3View.swift in Sources */ = {isa = PBXBuildFile; fileRef = 45F26A062285B5190097CFC6 /* Widget3View.swift */; };
		45F26A1B2285B5190097CFC6 /* Widget2Presenter.swift in Sources */ = {isa = PBXBuildFile; fileRef = 45F26A082285B5190097CFC6 /* Widget2Presenter.swift */; };
		45F26A1C2285B5190097CFC6 /* Widget2Interactor.swift in Sources */ = {isa = PBXBuildFile; fileRef = 45F26A092285B5190097CFC6 /* Widget2Interactor.swift */; };
		45F26A1D2285B5190097CFC6 /* Widget2BuilderV1.swift in Sources */ = {isa = PBXBuildFile; fileRef = 45F26A0A2285B5190097CFC6 /* Widget2BuilderV1.swift */; };
		45F26A1E2285B5190097CFC6 /* Widget2ViewController.swift in Sources */ = {isa = PBXBuildFile; fileRef = 45F26A0B2285B5190097CFC6 /* Widget2ViewController.swift */; };
		45F26A1F2285B5190097CFC6 /* Widget2View.swift in Sources */ = {isa = PBXBuildFile; fileRef = 45F26A0C2285B5190097CFC6 /* Widget2View.swift */; };
		45F26A202285B5190097CFC6 /* Widget2DataFlow.swift in Sources */ = {isa = PBXBuildFile; fileRef = 45F26A0D2285B5190097CFC6 /* Widget2DataFlow.swift */; };
		45F26A212285B5190097CFC6 /* Widget1ViewController.swift in Sources */ = {isa = PBXBuildFile; fileRef = 45F26A0F2285B5190097CFC6 /* Widget1ViewController.swift */; };
		45F26A222285B5190097CFC6 /* Widget1View.swift in Sources */ = {isa = PBXBuildFile; fileRef = 45F26A102285B5190097CFC6 /* Widget1View.swift */; };
		45F26A232285B5190097CFC6 /* Widget1Presenter.swift in Sources */ = {isa = PBXBuildFile; fileRef = 45F26A112285B5190097CFC6 /* Widget1Presenter.swift */; };
		45F26A242285B5190097CFC6 /* Widget1Builder.swift in Sources */ = {isa = PBXBuildFile; fileRef = 45F26A122285B5190097CFC6 /* Widget1Builder.swift */; };
		45F26A252285B5190097CFC6 /* Widget1DataFlow.swift in Sources */ = {isa = PBXBuildFile; fileRef = 45F26A132285B5190097CFC6 /* Widget1DataFlow.swift */; };
		45F26A262285B5190097CFC6 /* Widget1Interactor.swift in Sources */ = {isa = PBXBuildFile; fileRef = 45F26A142285B5190097CFC6 /* Widget1Interactor.swift */; };
		45F26A282285B74F0097CFC6 /* Widget1CollectionView.swift in Sources */ = {isa = PBXBuildFile; fileRef = 45F26A272285B74F0097CFC6 /* Widget1CollectionView.swift */; };
		45F26A2B2285B77F0097CFC6 /* Widget1CollectionDelegate.swift in Sources */ = {isa = PBXBuildFile; fileRef = 45F26A2A2285B77F0097CFC6 /* Widget1CollectionDelegate.swift */; };
		45F26A2D2285B7890097CFC6 /* Widget1ColletctionDataSource.swift in Sources */ = {isa = PBXBuildFile; fileRef = 45F26A2C2285B7890097CFC6 /* Widget1ColletctionDataSource.swift */; };
		45F26A2F2285BAD90097CFC6 /* Widget1CollectionCell.swift in Sources */ = {isa = PBXBuildFile; fileRef = 45F26A2E2285BAD90097CFC6 /* Widget1CollectionCell.swift */; };
		45F26A312285C5C40097CFC6 /* Widget1CollectionViewFlowLayout.swift in Sources */ = {isa = PBXBuildFile; fileRef = 45F26A302285C5C40097CFC6 /* Widget1CollectionViewFlowLayout.swift */; };
		EE153B120BA5C02DD544B8DB /* Pods_WidgetDash.framework in Frameworks */ = {isa = PBXBuildFile; fileRef = 64A66A31A0AE4AA78C9905C8 /* Pods_WidgetDash.framework */; };
/* End PBXBuildFile section */

/* Begin PBXContainerItemProxy section */
		45939A1422A330B800B023CA /* PBXContainerItemProxy */ = {
			isa = PBXContainerItemProxy;
			containerPortal = 454835F82278B4D50024FF11 /* Project object */;
			proxyType = 1;
			remoteGlobalIDString = 454835FF2278B4D50024FF11;
			remoteInfo = WidgetDash;
		};
/* End PBXContainerItemProxy section */

/* Begin PBXFileReference section */
		451D710322A155FF00EB52CC /* Widget2BuilderV2.swift */ = {isa = PBXFileReference; lastKnownFileType = sourcecode.swift; path = Widget2BuilderV2.swift; sourceTree = "<group>"; };
		45281AD92284772D002FD08B /* WidgetContainerView.swift */ = {isa = PBXFileReference; lastKnownFileType = sourcecode.swift; path = WidgetContainerView.swift; sourceTree = "<group>"; };
		45281ADB22848961002FD08B /* WidgetContainerViewController.swift */ = {isa = PBXFileReference; lastKnownFileType = sourcecode.swift; path = WidgetContainerViewController.swift; sourceTree = "<group>"; };
		45281ADD22848B50002FD08B /* DashboardView.swift */ = {isa = PBXFileReference; lastKnownFileType = sourcecode.swift; path = DashboardView.swift; sourceTree = "<group>"; };
		45281AE922848C7D002FD08B /* DashboardScrollView.swift */ = {isa = PBXFileReference; lastKnownFileType = sourcecode.swift; path = DashboardScrollView.swift; sourceTree = "<group>"; };
		454836002278B4D50024FF11 /* WidgetDash.app */ = {isa = PBXFileReference; explicitFileType = wrapper.application; includeInIndex = 0; path = WidgetDash.app; sourceTree = BUILT_PRODUCTS_DIR; };
		454836032278B4D50024FF11 /* AppDelegate.swift */ = {isa = PBXFileReference; lastKnownFileType = sourcecode.swift; path = AppDelegate.swift; sourceTree = "<group>"; };
		454836052278B4D50024FF11 /* DashboardController.swift */ = {isa = PBXFileReference; lastKnownFileType = sourcecode.swift; path = DashboardController.swift; sourceTree = "<group>"; };
		4548360A2278B4D70024FF11 /* Assets.xcassets */ = {isa = PBXFileReference; lastKnownFileType = folder.assetcatalog; path = Assets.xcassets; sourceTree = "<group>"; };
		4548360D2278B4D70024FF11 /* Base */ = {isa = PBXFileReference; lastKnownFileType = file.storyboard; name = Base; path = Base.lproj/LaunchScreen.storyboard; sourceTree = "<group>"; };
		4548360F2278B4D70024FF11 /* Info.plist */ = {isa = PBXFileReference; lastKnownFileType = text.plist.xml; path = Info.plist; sourceTree = "<group>"; };
		454836162278B6390024FF11 /* Widget.swift */ = {isa = PBXFileReference; lastKnownFileType = sourcecode.swift; path = Widget.swift; sourceTree = "<group>"; };
		454836192278B6B80024FF11 /* DashboardInteractor.swift */ = {isa = PBXFileReference; lastKnownFileType = sourcecode.swift; path = DashboardInteractor.swift; sourceTree = "<group>"; };
		4548361B2278B6C20024FF11 /* DashboardPresenter.swift */ = {isa = PBXFileReference; lastKnownFileType = sourcecode.swift; path = DashboardPresenter.swift; sourceTree = "<group>"; };
		4548361D2278B6CD0024FF11 /* DashboardDataFlow.swift */ = {isa = PBXFileReference; lastKnownFileType = sourcecode.swift; path = DashboardDataFlow.swift; sourceTree = "<group>"; };
		4548361F2278B6DE0024FF11 /* DashboardBuilder.swift */ = {isa = PBXFileReference; lastKnownFileType = sourcecode.swift; path = DashboardBuilder.swift; sourceTree = "<group>"; };
		454836212278B92E0024FF11 /* WidgetFactory.swift */ = {isa = PBXFileReference; lastKnownFileType = sourcecode.swift; path = WidgetFactory.swift; sourceTree = "<group>"; };
		454B7E3D22884DA200CEAA0F /* WidgetIncomingEventNotifier.swift */ = {isa = PBXFileReference; lastKnownFileType = sourcecode.swift; path = WidgetIncomingEventNotifier.swift; sourceTree = "<group>"; };
		454B7E4122884E9800CEAA0F /* WidgetSubscriptionsHandler.swift */ = {isa = PBXFileReference; lastKnownFileType = sourcecode.swift; path = WidgetSubscriptionsHandler.swift; sourceTree = "<group>"; };
		454FC5F322A2CEFC00F8BBB0 /* WidgetTranslator.swift */ = {isa = PBXFileReference; lastKnownFileType = sourcecode.swift; path = WidgetTranslator.swift; sourceTree = "<group>"; };
		454FC5F722A30CCA00F8BBB0 /* Widget2Builder.swift */ = {isa = PBXFileReference; lastKnownFileType = sourcecode.swift; path = Widget2Builder.swift; sourceTree = "<group>"; };
		4551B706229D6E8D00CEAB59 /* Widget1Model.swift */ = {isa = PBXFileReference; lastKnownFileType = sourcecode.swift; path = Widget1Model.swift; sourceTree = "<group>"; };
		4551B708229D6E9E00CEAB59 /* Widget2Model.swift */ = {isa = PBXFileReference; lastKnownFileType = sourcecode.swift; path = Widget2Model.swift; sourceTree = "<group>"; };
		4551B70A229D6EA700CEAB59 /* Widget3Model.swift */ = {isa = PBXFileReference; lastKnownFileType = sourcecode.swift; path = Widget3Model.swift; sourceTree = "<group>"; };
		4551B70C229D6F0200CEAB59 /* Widget1Translator.swift */ = {isa = PBXFileReference; lastKnownFileType = sourcecode.swift; path = Widget1Translator.swift; sourceTree = "<group>"; };
		4551B70E229D6F0A00CEAB59 /* Widget2Translator.swift */ = {isa = PBXFileReference; lastKnownFileType = sourcecode.swift; path = Widget2Translator.swift; sourceTree = "<group>"; };
		4551B710229D6F1300CEAB59 /* Widget3Translator.swift */ = {isa = PBXFileReference; lastKnownFileType = sourcecode.swift; path = Widget3Translator.swift; sourceTree = "<group>"; };
		4551B712229D6FC200CEAB59 /* WidgetContaierTranslator.swift */ = {isa = PBXFileReference; lastKnownFileType = sourcecode.swift; path = WidgetContaierTranslator.swift; sourceTree = "<group>"; };
		4551B714229D6FCE00CEAB59 /* WidgetContainerModel.swift */ = {isa = PBXFileReference; lastKnownFileType = sourcecode.swift; path = WidgetContainerModel.swift; sourceTree = "<group>"; };
		456A02F32307E400009B7105 /* Widget4TableCell.swift */ = {isa = PBXFileReference; lastKnownFileType = sourcecode.swift; path = Widget4TableCell.swift; sourceTree = "<group>"; };
		456A02F52307E50D009B7105 /* Widget4TableViewDataSource.swift */ = {isa = PBXFileReference; lastKnownFileType = sourcecode.swift; path = Widget4TableViewDataSource.swift; sourceTree = "<group>"; };
		456A02F72307F0F9009B7105 /* Widget4TableView.swift */ = {isa = PBXFileReference; lastKnownFileType = sourcecode.swift; path = Widget4TableView.swift; sourceTree = "<group>"; };
		456A02F92307F2E0009B7105 /* Widget4ExpandCell.swift */ = {isa = PBXFileReference; lastKnownFileType = sourcecode.swift; path = Widget4ExpandCell.swift; sourceTree = "<group>"; };
		456A0A0F23080796009B7105 /* Widget4TableViewDelegate.swift */ = {isa = PBXFileReference; lastKnownFileType = sourcecode.swift; path = Widget4TableViewDelegate.swift; sourceTree = "<group>"; };
		456A0A11230808C4009B7105 /* Widget4TableCellViewModel.swift */ = {isa = PBXFileReference; lastKnownFileType = sourcecode.swift; path = Widget4TableCellViewModel.swift; sourceTree = "<group>"; };
		456A0A1323080FCA009B7105 /* Widget4DataStore.swift */ = {isa = PBXFileReference; lastKnownFileType = sourcecode.swift; path = Widget4DataStore.swift; sourceTree = "<group>"; };
		456A113A23093D0D009B7105 /* Widget4ExpandView.swift */ = {isa = PBXFileReference; lastKnownFileType = sourcecode.swift; path = Widget4ExpandView.swift; sourceTree = "<group>"; };
		456AFBCE2307D9BD009B7105 /* Widget4Model.swift */ = {isa = PBXFileReference; fileEncoding = 4; lastKnownFileType = sourcecode.swift; path = Widget4Model.swift; sourceTree = "<group>"; };
		456AFBCF2307D9BD009B7105 /* Widget4DataFlow.swift */ = {isa = PBXFileReference; fileEncoding = 4; lastKnownFileType = sourcecode.swift; path = Widget4DataFlow.swift; sourceTree = "<group>"; };
		456AFBD02307D9BD009B7105 /* Widget4ViewController.swift */ = {isa = PBXFileReference; fileEncoding = 4; lastKnownFileType = sourcecode.swift; path = Widget4ViewController.swift; sourceTree = "<group>"; };
		456AFBD12307D9BD009B7105 /* Widget4Presenter.swift */ = {isa = PBXFileReference; fileEncoding = 4; lastKnownFileType = sourcecode.swift; path = Widget4Presenter.swift; sourceTree = "<group>"; };
		456AFBD22307D9BD009B7105 /* Widget4Translator.swift */ = {isa = PBXFileReference; fileEncoding = 4; lastKnownFileType = sourcecode.swift; path = Widget4Translator.swift; sourceTree = "<group>"; };
		456AFBD32307D9BD009B7105 /* Widget4Interactor.swift */ = {isa = PBXFileReference; fileEncoding = 4; lastKnownFileType = sourcecode.swift; path = Widget4Interactor.swift; sourceTree = "<group>"; };
		456AFBD42307D9BD009B7105 /* Widget4Builder.swift */ = {isa = PBXFileReference; fileEncoding = 4; lastKnownFileType = sourcecode.swift; path = Widget4Builder.swift; sourceTree = "<group>"; };
		456AFBDD2307DA91009B7105 /* Widget4View.swift */ = {isa = PBXFileReference; lastKnownFileType = sourcecode.swift; path = Widget4View.swift; sourceTree = "<group>"; };
		457DA8EA22A02743001250AA /* Widget2VersionTranslator.swift */ = {isa = PBXFileReference; lastKnownFileType = sourcecode.swift; path = Widget2VersionTranslator.swift; sourceTree = "<group>"; };
		457DA8F122A1493F001250AA /* Widget2ViewControllerV2.swift */ = {isa = PBXFileReference; fileEncoding = 4; lastKnownFileType = sourcecode.swift; path = Widget2ViewControllerV2.swift; sourceTree = "<group>"; };
		457DA8F222A1493F001250AA /* Widget2InteractorV2.swift */ = {isa = PBXFileReference; fileEncoding = 4; lastKnownFileType = sourcecode.swift; path = Widget2InteractorV2.swift; sourceTree = "<group>"; };
		457DA8F322A1493F001250AA /* Widget2DataFlowV2.swift */ = {isa = PBXFileReference; fileEncoding = 4; lastKnownFileType = sourcecode.swift; path = Widget2DataFlowV2.swift; sourceTree = "<group>"; };
		457DA8F522A1493F001250AA /* Widget2ViewV2.swift */ = {isa = PBXFileReference; fileEncoding = 4; lastKnownFileType = sourcecode.swift; path = Widget2ViewV2.swift; sourceTree = "<group>"; };
		457DA8F622A1493F001250AA /* Widget2PresenterV2.swift */ = {isa = PBXFileReference; fileEncoding = 4; lastKnownFileType = sourcecode.swift; path = Widget2PresenterV2.swift; sourceTree = "<group>"; };
		45939A0922A31EAA00B023CA /* UIColor+ HEX.swift */ = {isa = PBXFileReference; lastKnownFileType = sourcecode.swift; path = "UIColor+ HEX.swift"; sourceTree = "<group>"; };
		45939A0F22A330B800B023CA /* WidgetDashTests.xctest */ = {isa = PBXFileReference; explicitFileType = wrapper.cfbundle; includeInIndex = 0; path = WidgetDashTests.xctest; sourceTree = BUILT_PRODUCTS_DIR; };
		45CF8E652289792D00D6CE9C /* WidgetProvider.swift */ = {isa = PBXFileReference; lastKnownFileType = sourcecode.swift; path = WidgetProvider.swift; sourceTree = "<group>"; };
		45CF8E6722898A3400D6CE9C /* WidgetDataStore.swift */ = {isa = PBXFileReference; lastKnownFileType = sourcecode.swift; path = WidgetDataStore.swift; sourceTree = "<group>"; };
		45CF8E6922898B8000D6CE9C /* WidgetService.swift */ = {isa = PBXFileReference; lastKnownFileType = sourcecode.swift; path = WidgetService.swift; sourceTree = "<group>"; };
		45CF8E6B228991B200D6CE9C /* WidgetTypesProvider.swift */ = {isa = PBXFileReference; lastKnownFileType = sourcecode.swift; path = WidgetTypesProvider.swift; sourceTree = "<group>"; };
		45F26A012285B5190097CFC6 /* Widget3Presenter.swift */ = {isa = PBXFileReference; fileEncoding = 4; lastKnownFileType = sourcecode.swift; path = Widget3Presenter.swift; sourceTree = "<group>"; };
		45F26A022285B5190097CFC6 /* Widget3Interactor.swift */ = {isa = PBXFileReference; fileEncoding = 4; lastKnownFileType = sourcecode.swift; path = Widget3Interactor.swift; sourceTree = "<group>"; };
		45F26A032285B5190097CFC6 /* Widget3ViewController.swift */ = {isa = PBXFileReference; fileEncoding = 4; lastKnownFileType = sourcecode.swift; path = Widget3ViewController.swift; sourceTree = "<group>"; };
		45F26A042285B5190097CFC6 /* Widget3DataFlow.swift */ = {isa = PBXFileReference; fileEncoding = 4; lastKnownFileType = sourcecode.swift; path = Widget3DataFlow.swift; sourceTree = "<group>"; };
		45F26A052285B5190097CFC6 /* Widget3Builder.swift */ = {isa = PBXFileReference; fileEncoding = 4; lastKnownFileType = sourcecode.swift; path = Widget3Builder.swift; sourceTree = "<group>"; };
		45F26A062285B5190097CFC6 /* Widget3View.swift */ = {isa = PBXFileReference; fileEncoding = 4; lastKnownFileType = sourcecode.swift; path = Widget3View.swift; sourceTree = "<group>"; };
		45F26A082285B5190097CFC6 /* Widget2Presenter.swift */ = {isa = PBXFileReference; fileEncoding = 4; lastKnownFileType = sourcecode.swift; path = Widget2Presenter.swift; sourceTree = "<group>"; };
		45F26A092285B5190097CFC6 /* Widget2Interactor.swift */ = {isa = PBXFileReference; fileEncoding = 4; lastKnownFileType = sourcecode.swift; path = Widget2Interactor.swift; sourceTree = "<group>"; };
		45F26A0A2285B5190097CFC6 /* Widget2BuilderV1.swift */ = {isa = PBXFileReference; fileEncoding = 4; lastKnownFileType = sourcecode.swift; path = Widget2BuilderV1.swift; sourceTree = "<group>"; };
		45F26A0B2285B5190097CFC6 /* Widget2ViewController.swift */ = {isa = PBXFileReference; fileEncoding = 4; lastKnownFileType = sourcecode.swift; path = Widget2ViewController.swift; sourceTree = "<group>"; };
		45F26A0C2285B5190097CFC6 /* Widget2View.swift */ = {isa = PBXFileReference; fileEncoding = 4; lastKnownFileType = sourcecode.swift; path = Widget2View.swift; sourceTree = "<group>"; };
		45F26A0D2285B5190097CFC6 /* Widget2DataFlow.swift */ = {isa = PBXFileReference; fileEncoding = 4; lastKnownFileType = sourcecode.swift; path = Widget2DataFlow.swift; sourceTree = "<group>"; };
		45F26A0F2285B5190097CFC6 /* Widget1ViewController.swift */ = {isa = PBXFileReference; fileEncoding = 4; lastKnownFileType = sourcecode.swift; path = Widget1ViewController.swift; sourceTree = "<group>"; };
		45F26A102285B5190097CFC6 /* Widget1View.swift */ = {isa = PBXFileReference; fileEncoding = 4; lastKnownFileType = sourcecode.swift; path = Widget1View.swift; sourceTree = "<group>"; };
		45F26A112285B5190097CFC6 /* Widget1Presenter.swift */ = {isa = PBXFileReference; fileEncoding = 4; lastKnownFileType = sourcecode.swift; path = Widget1Presenter.swift; sourceTree = "<group>"; };
		45F26A122285B5190097CFC6 /* Widget1Builder.swift */ = {isa = PBXFileReference; fileEncoding = 4; lastKnownFileType = sourcecode.swift; path = Widget1Builder.swift; sourceTree = "<group>"; };
		45F26A132285B5190097CFC6 /* Widget1DataFlow.swift */ = {isa = PBXFileReference; fileEncoding = 4; lastKnownFileType = sourcecode.swift; path = Widget1DataFlow.swift; sourceTree = "<group>"; };
		45F26A142285B5190097CFC6 /* Widget1Interactor.swift */ = {isa = PBXFileReference; fileEncoding = 4; lastKnownFileType = sourcecode.swift; path = Widget1Interactor.swift; sourceTree = "<group>"; };
		45F26A272285B74F0097CFC6 /* Widget1CollectionView.swift */ = {isa = PBXFileReference; lastKnownFileType = sourcecode.swift; path = Widget1CollectionView.swift; sourceTree = "<group>"; };
		45F26A2A2285B77F0097CFC6 /* Widget1CollectionDelegate.swift */ = {isa = PBXFileReference; lastKnownFileType = sourcecode.swift; path = Widget1CollectionDelegate.swift; sourceTree = "<group>"; };
		45F26A2C2285B7890097CFC6 /* Widget1ColletctionDataSource.swift */ = {isa = PBXFileReference; lastKnownFileType = sourcecode.swift; path = Widget1ColletctionDataSource.swift; sourceTree = "<group>"; };
		45F26A2E2285BAD90097CFC6 /* Widget1CollectionCell.swift */ = {isa = PBXFileReference; lastKnownFileType = sourcecode.swift; path = Widget1CollectionCell.swift; sourceTree = "<group>"; };
		45F26A302285C5C40097CFC6 /* Widget1CollectionViewFlowLayout.swift */ = {isa = PBXFileReference; lastKnownFileType = sourcecode.swift; path = Widget1CollectionViewFlowLayout.swift; sourceTree = "<group>"; };
		5911D01581BDB04EDD186511 /* Pods-WidgetDash.release.xcconfig */ = {isa = PBXFileReference; includeInIndex = 1; lastKnownFileType = text.xcconfig; name = "Pods-WidgetDash.release.xcconfig"; path = "Pods/Target Support Files/Pods-WidgetDash/Pods-WidgetDash.release.xcconfig"; sourceTree = "<group>"; };
		64A66A31A0AE4AA78C9905C8 /* Pods_WidgetDash.framework */ = {isa = PBXFileReference; explicitFileType = wrapper.framework; includeInIndex = 0; path = Pods_WidgetDash.framework; sourceTree = BUILT_PRODUCTS_DIR; };
		A96E13D2CD746E76F57236C2 /* Pods-WidgetDash.debug.xcconfig */ = {isa = PBXFileReference; includeInIndex = 1; lastKnownFileType = text.xcconfig; name = "Pods-WidgetDash.debug.xcconfig"; path = "Pods/Target Support Files/Pods-WidgetDash/Pods-WidgetDash.debug.xcconfig"; sourceTree = "<group>"; };
/* End PBXFileReference section */

/* Begin PBXFrameworksBuildPhase section */
		454835FD2278B4D50024FF11 /* Frameworks */ = {
			isa = PBXFrameworksBuildPhase;
			buildActionMask = 2147483647;
			files = (
				EE153B120BA5C02DD544B8DB /* Pods_WidgetDash.framework in Frameworks */,
			);
			runOnlyForDeploymentPostprocessing = 0;
		};
		45939A0C22A330B800B023CA /* Frameworks */ = {
			isa = PBXFrameworksBuildPhase;
			buildActionMask = 2147483647;
			files = (
			);
			runOnlyForDeploymentPostprocessing = 0;
		};
/* End PBXFrameworksBuildPhase section */

/* Begin PBXGroup section */
		4500E0C822E79879004B2511 /* Widget4 */ = {
			isa = PBXGroup;
			children = (
				456AFBD42307D9BD009B7105 /* Widget4Builder.swift */,
				456AFBCF2307D9BD009B7105 /* Widget4DataFlow.swift */,
				456AFBD32307D9BD009B7105 /* Widget4Interactor.swift */,
				456AFBCE2307D9BD009B7105 /* Widget4Model.swift */,
				456AFBD12307D9BD009B7105 /* Widget4Presenter.swift */,
				456AFBD22307D9BD009B7105 /* Widget4Translator.swift */,
				456AFBD02307D9BD009B7105 /* Widget4ViewController.swift */,
				456AFBCC2307D90E009B7105 /* TableView */,
				456AFBDD2307DA91009B7105 /* Widget4View.swift */,
				456A0A1323080FCA009B7105 /* Widget4DataStore.swift */,
			);
			path = Widget4;
			sourceTree = "<group>";
		};
		45281AD8228476FD002FD08B /* WidgetContainer */ = {
			isa = PBXGroup;
			children = (
				45281AD92284772D002FD08B /* WidgetContainerView.swift */,
				45281ADB22848961002FD08B /* WidgetContainerViewController.swift */,
				4551B712229D6FC200CEAB59 /* WidgetContaierTranslator.swift */,
				4551B714229D6FCE00CEAB59 /* WidgetContainerModel.swift */,
			);
			path = WidgetContainer;
			sourceTree = "<group>";
		};
		454835F72278B4D50024FF11 = {
			isa = PBXGroup;
			children = (
				454836022278B4D50024FF11 /* WidgetDash */,
				454836012278B4D50024FF11 /* Products */,
				724286470838AF14C5B12776 /* Pods */,
				73BDC252D8F1A4AEC2F3FB59 /* Frameworks */,
			);
			sourceTree = "<group>";
		};
		454836012278B4D50024FF11 /* Products */ = {
			isa = PBXGroup;
			children = (
				454836002278B4D50024FF11 /* WidgetDash.app */,
				45939A0F22A330B800B023CA /* WidgetDashTests.xctest */,
			);
			name = Products;
			sourceTree = "<group>";
		};
		454836022278B4D50024FF11 /* WidgetDash */ = {
			isa = PBXGroup;
			children = (
				45281AD8228476FD002FD08B /* WidgetContainer */,
				454836182278B6990024FF11 /* Dashboard */,
				454836152278B61B0024FF11 /* Widgets */,
				454836032278B4D50024FF11 /* AppDelegate.swift */,
				4548360A2278B4D70024FF11 /* Assets.xcassets */,
				4548360C2278B4D70024FF11 /* LaunchScreen.storyboard */,
				4548360F2278B4D70024FF11 /* Info.plist */,
				45939A0922A31EAA00B023CA /* UIColor+ HEX.swift */,
			);
			path = WidgetDash;
			sourceTree = "<group>";
		};
		454836152278B61B0024FF11 /* Widgets */ = {
			isa = PBXGroup;
			children = (
				4500E0C822E79879004B2511 /* Widget4 */,
				45CF8E652289792D00D6CE9C /* WidgetProvider.swift */,
				45F26A0E2285B5190097CFC6 /* Widget1 */,
				45F26A072285B5190097CFC6 /* Widget2 */,
				45F26A002285B5190097CFC6 /* Widget3 */,
				454836162278B6390024FF11 /* Widget.swift */,
				454836212278B92E0024FF11 /* WidgetFactory.swift */,
				454B7E3D22884DA200CEAA0F /* WidgetIncomingEventNotifier.swift */,
				454B7E4122884E9800CEAA0F /* WidgetSubscriptionsHandler.swift */,
				45CF8E6722898A3400D6CE9C /* WidgetDataStore.swift */,
				45CF8E6922898B8000D6CE9C /* WidgetService.swift */,
				45CF8E6B228991B200D6CE9C /* WidgetTypesProvider.swift */,
				454FC5F322A2CEFC00F8BBB0 /* WidgetTranslator.swift */,
			);
			path = Widgets;
			sourceTree = "<group>";
		};
		454836182278B6990024FF11 /* Dashboard */ = {
			isa = PBXGroup;
			children = (
				454836052278B4D50024FF11 /* DashboardController.swift */,
				454836192278B6B80024FF11 /* DashboardInteractor.swift */,
				4548361B2278B6C20024FF11 /* DashboardPresenter.swift */,
				4548361D2278B6CD0024FF11 /* DashboardDataFlow.swift */,
				4548361F2278B6DE0024FF11 /* DashboardBuilder.swift */,
				45281ADD22848B50002FD08B /* DashboardView.swift */,
				45281AE922848C7D002FD08B /* DashboardScrollView.swift */,
			);
			path = Dashboard;
			sourceTree = "<group>";
		};
		456AFBCC2307D90E009B7105 /* TableView */ = {
			isa = PBXGroup;
			children = (
				456A02F32307E400009B7105 /* Widget4TableCell.swift */,
				456A02F52307E50D009B7105 /* Widget4TableViewDataSource.swift */,
				456A02F72307F0F9009B7105 /* Widget4TableView.swift */,
				456A02F92307F2E0009B7105 /* Widget4ExpandCell.swift */,
				456A0A0F23080796009B7105 /* Widget4TableViewDelegate.swift */,
				456A0A11230808C4009B7105 /* Widget4TableCellViewModel.swift */,
				456A113A23093D0D009B7105 /* Widget4ExpandView.swift */,
			);
			path = TableView;
			sourceTree = "<group>";
		};
		457DA8EF22A148F7001250AA /* v1 */ = {
			isa = PBXGroup;
			children = (
				45F26A082285B5190097CFC6 /* Widget2Presenter.swift */,
				45F26A092285B5190097CFC6 /* Widget2Interactor.swift */,
				45F26A0B2285B5190097CFC6 /* Widget2ViewController.swift */,
				45F26A0C2285B5190097CFC6 /* Widget2View.swift */,
				45F26A0D2285B5190097CFC6 /* Widget2DataFlow.swift */,
				45F26A0A2285B5190097CFC6 /* Widget2BuilderV1.swift */,
			);
			path = v1;
			sourceTree = "<group>";
		};
		457DA8F022A14901001250AA /* v2 */ = {
			isa = PBXGroup;
			children = (
				457DA8F322A1493F001250AA /* Widget2DataFlowV2.swift */,
				457DA8F222A1493F001250AA /* Widget2InteractorV2.swift */,
				457DA8F622A1493F001250AA /* Widget2PresenterV2.swift */,
				457DA8F522A1493F001250AA /* Widget2ViewV2.swift */,
				457DA8F122A1493F001250AA /* Widget2ViewControllerV2.swift */,
				451D710322A155FF00EB52CC /* Widget2BuilderV2.swift */,
			);
			path = v2;
			sourceTree = "<group>";
		};
		45F26A002285B5190097CFC6 /* Widget3 */ = {
			isa = PBXGroup;
			children = (
				45F26A012285B5190097CFC6 /* Widget3Presenter.swift */,
				45F26A022285B5190097CFC6 /* Widget3Interactor.swift */,
				45F26A032285B5190097CFC6 /* Widget3ViewController.swift */,
				45F26A042285B5190097CFC6 /* Widget3DataFlow.swift */,
				45F26A052285B5190097CFC6 /* Widget3Builder.swift */,
				45F26A062285B5190097CFC6 /* Widget3View.swift */,
				4551B70A229D6EA700CEAB59 /* Widget3Model.swift */,
				4551B710229D6F1300CEAB59 /* Widget3Translator.swift */,
			);
			path = Widget3;
			sourceTree = "<group>";
		};
		45F26A072285B5190097CFC6 /* Widget2 */ = {
			isa = PBXGroup;
			children = (
				457DA8F022A14901001250AA /* v2 */,
				457DA8EF22A148F7001250AA /* v1 */,
				4551B708229D6E9E00CEAB59 /* Widget2Model.swift */,
				4551B70E229D6F0A00CEAB59 /* Widget2Translator.swift */,
				457DA8EA22A02743001250AA /* Widget2VersionTranslator.swift */,
				454FC5F722A30CCA00F8BBB0 /* Widget2Builder.swift */,
			);
			path = Widget2;
			sourceTree = "<group>";
		};
		45F26A0E2285B5190097CFC6 /* Widget1 */ = {
			isa = PBXGroup;
			children = (
				45F26A292285B7690097CFC6 /* CollectionView */,
				45F26A0F2285B5190097CFC6 /* Widget1ViewController.swift */,
				45F26A102285B5190097CFC6 /* Widget1View.swift */,
				45F26A112285B5190097CFC6 /* Widget1Presenter.swift */,
				45F26A122285B5190097CFC6 /* Widget1Builder.swift */,
				45F26A132285B5190097CFC6 /* Widget1DataFlow.swift */,
				45F26A142285B5190097CFC6 /* Widget1Interactor.swift */,
				4551B706229D6E8D00CEAB59 /* Widget1Model.swift */,
				4551B70C229D6F0200CEAB59 /* Widget1Translator.swift */,
			);
			path = Widget1;
			sourceTree = "<group>";
		};
		45F26A292285B7690097CFC6 /* CollectionView */ = {
			isa = PBXGroup;
			children = (
				45F26A272285B74F0097CFC6 /* Widget1CollectionView.swift */,
				45F26A2A2285B77F0097CFC6 /* Widget1CollectionDelegate.swift */,
				45F26A2C2285B7890097CFC6 /* Widget1ColletctionDataSource.swift */,
				45F26A2E2285BAD90097CFC6 /* Widget1CollectionCell.swift */,
				45F26A302285C5C40097CFC6 /* Widget1CollectionViewFlowLayout.swift */,
			);
			path = CollectionView;
			sourceTree = "<group>";
		};
		724286470838AF14C5B12776 /* Pods */ = {
			isa = PBXGroup;
			children = (
				A96E13D2CD746E76F57236C2 /* Pods-WidgetDash.debug.xcconfig */,
				5911D01581BDB04EDD186511 /* Pods-WidgetDash.release.xcconfig */,
			);
			name = Pods;
			sourceTree = "<group>";
		};
		73BDC252D8F1A4AEC2F3FB59 /* Frameworks */ = {
			isa = PBXGroup;
			children = (
				64A66A31A0AE4AA78C9905C8 /* Pods_WidgetDash.framework */,
			);
			name = Frameworks;
			sourceTree = "<group>";
		};
/* End PBXGroup section */

/* Begin PBXNativeTarget section */
		454835FF2278B4D50024FF11 /* WidgetDash */ = {
			isa = PBXNativeTarget;
			buildConfigurationList = 454836122278B4D70024FF11 /* Build configuration list for PBXNativeTarget "WidgetDash" */;
			buildPhases = (
				A00E56491A04BA7AB21209C5 /* [CP] Check Pods Manifest.lock */,
				454835FC2278B4D50024FF11 /* Sources */,
				454835FD2278B4D50024FF11 /* Frameworks */,
				454835FE2278B4D50024FF11 /* Resources */,
				3407EDBDB1BFBE611BC7B0FD /* [CP] Embed Pods Frameworks */,
			);
			buildRules = (
			);
			dependencies = (
			);
			name = WidgetDash;
			productName = WidgetDash;
			productReference = 454836002278B4D50024FF11 /* WidgetDash.app */;
			productType = "com.apple.product-type.application";
		};
		45939A0E22A330B800B023CA /* WidgetDashTests */ = {
			isa = PBXNativeTarget;
			buildConfigurationList = 45939A1822A330B800B023CA /* Build configuration list for PBXNativeTarget "WidgetDashTests" */;
			buildPhases = (
				45939A0B22A330B800B023CA /* Sources */,
				45939A0C22A330B800B023CA /* Frameworks */,
				45939A0D22A330B800B023CA /* Resources */,
			);
			buildRules = (
			);
			dependencies = (
				45939A1522A330B800B023CA /* PBXTargetDependency */,
			);
			name = WidgetDashTests;
			productName = WidgetDashTests;
			productReference = 45939A0F22A330B800B023CA /* WidgetDashTests.xctest */;
			productType = "com.apple.product-type.bundle.unit-test";
		};
/* End PBXNativeTarget section */

/* Begin PBXProject section */
		454835F82278B4D50024FF11 /* Project object */ = {
			isa = PBXProject;
			attributes = {
				LastSwiftUpdateCheck = 1010;
				LastUpgradeCheck = 1020;
				ORGANIZATIONNAME = "Илья Кузнецов";
				TargetAttributes = {
					454835FF2278B4D50024FF11 = {
						CreatedOnToolsVersion = 10.2.1;
					};
					45939A0E22A330B800B023CA = {
						CreatedOnToolsVersion = 10.1;
						TestTargetID = 454835FF2278B4D50024FF11;
					};
				};
			};
			buildConfigurationList = 454835FB2278B4D50024FF11 /* Build configuration list for PBXProject "WidgetDash" */;
			compatibilityVersion = "Xcode 9.3";
			developmentRegion = en;
			hasScannedForEncodings = 0;
			knownRegions = (
				en,
				Base,
			);
			mainGroup = 454835F72278B4D50024FF11;
			productRefGroup = 454836012278B4D50024FF11 /* Products */;
			projectDirPath = "";
			projectRoot = "";
			targets = (
				454835FF2278B4D50024FF11 /* WidgetDash */,
				45939A0E22A330B800B023CA /* WidgetDashTests */,
			);
		};
/* End PBXProject section */

/* Begin PBXResourcesBuildPhase section */
		454835FE2278B4D50024FF11 /* Resources */ = {
			isa = PBXResourcesBuildPhase;
			buildActionMask = 2147483647;
			files = (
				4548360E2278B4D70024FF11 /* LaunchScreen.storyboard in Resources */,
				4548360B2278B4D70024FF11 /* Assets.xcassets in Resources */,
			);
			runOnlyForDeploymentPostprocessing = 0;
		};
		45939A0D22A330B800B023CA /* Resources */ = {
			isa = PBXResourcesBuildPhase;
			buildActionMask = 2147483647;
			files = (
			);
			runOnlyForDeploymentPostprocessing = 0;
		};
/* End PBXResourcesBuildPhase section */

/* Begin PBXShellScriptBuildPhase section */
		3407EDBDB1BFBE611BC7B0FD /* [CP] Embed Pods Frameworks */ = {
			isa = PBXShellScriptBuildPhase;
			buildActionMask = 2147483647;
			files = (
			);
			inputFileListPaths = (
			);
			inputPaths = (
				"${PODS_ROOT}/Target Support Files/Pods-WidgetDash/Pods-WidgetDash-frameworks.sh",
				"${BUILT_PRODUCTS_DIR}/SnapKit/SnapKit.framework",
			);
			name = "[CP] Embed Pods Frameworks";
			outputFileListPaths = (
			);
			outputPaths = (
				"${TARGET_BUILD_DIR}/${FRAMEWORKS_FOLDER_PATH}/SnapKit.framework",
			);
			runOnlyForDeploymentPostprocessing = 0;
			shellPath = /bin/sh;
			shellScript = "\"${PODS_ROOT}/Target Support Files/Pods-WidgetDash/Pods-WidgetDash-frameworks.sh\"\n";
			showEnvVarsInLog = 0;
		};
		A00E56491A04BA7AB21209C5 /* [CP] Check Pods Manifest.lock */ = {
			isa = PBXShellScriptBuildPhase;
			buildActionMask = 2147483647;
			files = (
			);
			inputFileListPaths = (
			);
			inputPaths = (
				"${PODS_PODFILE_DIR_PATH}/Podfile.lock",
				"${PODS_ROOT}/Manifest.lock",
			);
			name = "[CP] Check Pods Manifest.lock";
			outputFileListPaths = (
			);
			outputPaths = (
				"$(DERIVED_FILE_DIR)/Pods-WidgetDash-checkManifestLockResult.txt",
			);
			runOnlyForDeploymentPostprocessing = 0;
			shellPath = /bin/sh;
			shellScript = "diff \"${PODS_PODFILE_DIR_PATH}/Podfile.lock\" \"${PODS_ROOT}/Manifest.lock\" > /dev/null\nif [ $? != 0 ] ; then\n    # print error to STDERR\n    echo \"error: The sandbox is not in sync with the Podfile.lock. Run 'pod install' or update your CocoaPods installation.\" >&2\n    exit 1\nfi\n# This output is used by Xcode 'outputs' to avoid re-running this script phase.\necho \"SUCCESS\" > \"${SCRIPT_OUTPUT_FILE_0}\"\n";
			showEnvVarsInLog = 0;
		};
/* End PBXShellScriptBuildPhase section */

/* Begin PBXSourcesBuildPhase section */
		454835FC2278B4D50024FF11 /* Sources */ = {
			isa = PBXSourcesBuildPhase;
			buildActionMask = 2147483647;
			files = (
				45F26A152285B5190097CFC6 /* Widget3Presenter.swift in Sources */,
				457DA8EB22A02743001250AA /* Widget2VersionTranslator.swift in Sources */,
				454836062278B4D50024FF11 /* DashboardController.swift in Sources */,
				457DA8F822A1493F001250AA /* Widget2InteractorV2.swift in Sources */,
				456A02F62307E50D009B7105 /* Widget4TableViewDataSource.swift in Sources */,
				4551B70F229D6F0A00CEAB59 /* Widget2Translator.swift in Sources */,
				45F26A1C2285B5190097CFC6 /* Widget2Interactor.swift in Sources */,
				45939A0A22A31EAA00B023CA /* UIColor+ HEX.swift in Sources */,
				456AFBDE2307DA91009B7105 /* Widget4View.swift in Sources */,
				457DA8F722A1493F001250AA /* Widget2ViewControllerV2.swift in Sources */,
				454B7E4222884E9800CEAA0F /* WidgetSubscriptionsHandler.swift in Sources */,
				454FC5F422A2CEFC00F8BBB0 /* WidgetTranslator.swift in Sources */,
				456AFBD82307D9BD009B7105 /* Widget4ViewController.swift in Sources */,
				45281AEA22848C7D002FD08B /* DashboardScrollView.swift in Sources */,
				456AFBD62307D9BD009B7105 /* Widget4Model.swift in Sources */,
				4548361C2278B6C20024FF11 /* DashboardPresenter.swift in Sources */,
				457DA8F922A1493F001250AA /* Widget2DataFlowV2.swift in Sources */,
				454836222278B92E0024FF11 /* WidgetFactory.swift in Sources */,
				456A02F42307E400009B7105 /* Widget4TableCell.swift in Sources */,
				4551B709229D6E9E00CEAB59 /* Widget2Model.swift in Sources */,
				45F26A182285B5190097CFC6 /* Widget3DataFlow.swift in Sources */,
				456A113B23093D0D009B7105 /* Widget4ExpandView.swift in Sources */,
				454B7E3E22884DA200CEAA0F /* WidgetIncomingEventNotifier.swift in Sources */,
				456A0A1423080FCA009B7105 /* Widget4DataStore.swift in Sources */,
				4548361E2278B6CD0024FF11 /* DashboardDataFlow.swift in Sources */,
				456AFBDC2307D9BD009B7105 /* Widget4Builder.swift in Sources */,
				45CF8E6C228991B200D6CE9C /* WidgetTypesProvider.swift in Sources */,
				45F26A192285B5190097CFC6 /* Widget3Builder.swift in Sources */,
				45F26A222285B5190097CFC6 /* Widget1View.swift in Sources */,
				4551B711229D6F1300CEAB59 /* Widget3Translator.swift in Sources */,
				45F26A162285B5190097CFC6 /* Widget3Interactor.swift in Sources */,
				45F26A212285B5190097CFC6 /* Widget1ViewController.swift in Sources */,
				456AFBD92307D9BD009B7105 /* Widget4Presenter.swift in Sources */,
				456AFBD72307D9BD009B7105 /* Widget4DataFlow.swift in Sources */,
				45F26A1D2285B5190097CFC6 /* Widget2BuilderV1.swift in Sources */,
				45F26A1E2285B5190097CFC6 /* Widget2ViewController.swift in Sources */,
				45F26A2F2285BAD90097CFC6 /* Widget1CollectionCell.swift in Sources */,
				45281ADE22848B50002FD08B /* DashboardView.swift in Sources */,
				454836042278B4D50024FF11 /* AppDelegate.swift in Sources */,
				456A02FA2307F2E0009B7105 /* Widget4ExpandCell.swift in Sources */,
				45CF8E6822898A3400D6CE9C /* WidgetDataStore.swift in Sources */,
				456A0A12230808C4009B7105 /* Widget4TableCellViewModel.swift in Sources */,
				4551B707229D6E8D00CEAB59 /* Widget1Model.swift in Sources */,
				45F26A242285B5190097CFC6 /* Widget1Builder.swift in Sources */,
				4551B70D229D6F0200CEAB59 /* Widget1Translator.swift in Sources */,
				45281ADC22848961002FD08B /* WidgetContainerViewController.swift in Sources */,
				456A02F82307F0F9009B7105 /* Widget4TableView.swift in Sources */,
				45CF8E662289792D00D6CE9C /* WidgetProvider.swift in Sources */,
				45F26A282285B74F0097CFC6 /* Widget1CollectionView.swift in Sources */,
				45F26A1A2285B5190097CFC6 /* Widget3View.swift in Sources */,
				454836172278B6390024FF11 /* Widget.swift in Sources */,
				454836202278B6DE0024FF11 /* DashboardBuilder.swift in Sources */,
				456AFBDA2307D9BD009B7105 /* Widget4Translator.swift in Sources */,
				45F26A2B2285B77F0097CFC6 /* Widget1CollectionDelegate.swift in Sources */,
				451D710422A155FF00EB52CC /* Widget2BuilderV2.swift in Sources */,
				45F26A262285B5190097CFC6 /* Widget1Interactor.swift in Sources */,
				45F26A1B2285B5190097CFC6 /* Widget2Presenter.swift in Sources */,
				4551B70B229D6EA700CEAB59 /* Widget3Model.swift in Sources */,
				45F26A172285B5190097CFC6 /* Widget3ViewController.swift in Sources */,
				45CF8E6A22898B8000D6CE9C /* WidgetService.swift in Sources */,
				45F26A202285B5190097CFC6 /* Widget2DataFlow.swift in Sources */,
				4551B715229D6FCE00CEAB59 /* WidgetContainerModel.swift in Sources */,
				45F26A1F2285B5190097CFC6 /* Widget2View.swift in Sources */,
				457DA8FC22A1493F001250AA /* Widget2PresenterV2.swift in Sources */,
				4548361A2278B6B80024FF11 /* DashboardInteractor.swift in Sources */,
				45F26A232285B5190097CFC6 /* Widget1Presenter.swift in Sources */,
				456A0A1023080796009B7105 /* Widget4TableViewDelegate.swift in Sources */,
				45F26A2D2285B7890097CFC6 /* Widget1ColletctionDataSource.swift in Sources */,
				454FC5F822A30CCA00F8BBB0 /* Widget2Builder.swift in Sources */,
				457DA8FB22A1493F001250AA /* Widget2ViewV2.swift in Sources */,
				4551B713229D6FC200CEAB59 /* WidgetContaierTranslator.swift in Sources */,
				45281ADA2284772D002FD08B /* WidgetContainerView.swift in Sources */,
				456AFBDB2307D9BD009B7105 /* Widget4Interactor.swift in Sources */,
				45F26A312285C5C40097CFC6 /* Widget1CollectionViewFlowLayout.swift in Sources */,
				45F26A252285B5190097CFC6 /* Widget1DataFlow.swift in Sources */,
			);
			runOnlyForDeploymentPostprocessing = 0;
		};
		45939A0B22A330B800B023CA /* Sources */ = {
			isa = PBXSourcesBuildPhase;
			buildActionMask = 2147483647;
			files = (
			);
			runOnlyForDeploymentPostprocessing = 0;
		};
/* End PBXSourcesBuildPhase section */

/* Begin PBXTargetDependency section */
		45939A1522A330B800B023CA /* PBXTargetDependency */ = {
			isa = PBXTargetDependency;
			target = 454835FF2278B4D50024FF11 /* WidgetDash */;
			targetProxy = 45939A1422A330B800B023CA /* PBXContainerItemProxy */;
		};
/* End PBXTargetDependency section */

/* Begin PBXVariantGroup section */
		4548360C2278B4D70024FF11 /* LaunchScreen.storyboard */ = {
			isa = PBXVariantGroup;
			children = (
				4548360D2278B4D70024FF11 /* Base */,
			);
			name = LaunchScreen.storyboard;
			sourceTree = "<group>";
		};
/* End PBXVariantGroup section */

/* Begin XCBuildConfiguration section */
		454836102278B4D70024FF11 /* Debug */ = {
			isa = XCBuildConfiguration;
			buildSettings = {
				ALWAYS_SEARCH_USER_PATHS = NO;
				CLANG_ANALYZER_NONNULL = YES;
				CLANG_ANALYZER_NUMBER_OBJECT_CONVERSION = YES_AGGRESSIVE;
				CLANG_CXX_LANGUAGE_STANDARD = "gnu++14";
				CLANG_CXX_LIBRARY = "libc++";
				CLANG_ENABLE_MODULES = YES;
				CLANG_ENABLE_OBJC_ARC = YES;
				CLANG_ENABLE_OBJC_WEAK = YES;
				CLANG_WARN_BLOCK_CAPTURE_AUTORELEASING = YES;
				CLANG_WARN_BOOL_CONVERSION = YES;
				CLANG_WARN_COMMA = YES;
				CLANG_WARN_CONSTANT_CONVERSION = YES;
				CLANG_WARN_DEPRECATED_OBJC_IMPLEMENTATIONS = YES;
				CLANG_WARN_DIRECT_OBJC_ISA_USAGE = YES_ERROR;
				CLANG_WARN_DOCUMENTATION_COMMENTS = YES;
				CLANG_WARN_EMPTY_BODY = YES;
				CLANG_WARN_ENUM_CONVERSION = YES;
				CLANG_WARN_INFINITE_RECURSION = YES;
				CLANG_WARN_INT_CONVERSION = YES;
				CLANG_WARN_NON_LITERAL_NULL_CONVERSION = YES;
				CLANG_WARN_OBJC_IMPLICIT_RETAIN_SELF = YES;
				CLANG_WARN_OBJC_LITERAL_CONVERSION = YES;
				CLANG_WARN_OBJC_ROOT_CLASS = YES_ERROR;
				CLANG_WARN_RANGE_LOOP_ANALYSIS = YES;
				CLANG_WARN_STRICT_PROTOTYPES = YES;
				CLANG_WARN_SUSPICIOUS_MOVE = YES;
				CLANG_WARN_UNGUARDED_AVAILABILITY = YES_AGGRESSIVE;
				CLANG_WARN_UNREACHABLE_CODE = YES;
				CLANG_WARN__DUPLICATE_METHOD_MATCH = YES;
				CODE_SIGN_IDENTITY = "iPhone Developer";
				COPY_PHASE_STRIP = NO;
				DEBUG_INFORMATION_FORMAT = dwarf;
				ENABLE_STRICT_OBJC_MSGSEND = YES;
				ENABLE_TESTABILITY = YES;
				GCC_C_LANGUAGE_STANDARD = gnu11;
				GCC_DYNAMIC_NO_PIC = NO;
				GCC_NO_COMMON_BLOCKS = YES;
				GCC_OPTIMIZATION_LEVEL = 0;
				GCC_PREPROCESSOR_DEFINITIONS = (
					"DEBUG=1",
					"$(inherited)",
				);
				GCC_WARN_64_TO_32_BIT_CONVERSION = YES;
				GCC_WARN_ABOUT_RETURN_TYPE = YES_ERROR;
				GCC_WARN_UNDECLARED_SELECTOR = YES;
				GCC_WARN_UNINITIALIZED_AUTOS = YES_AGGRESSIVE;
				GCC_WARN_UNUSED_FUNCTION = YES;
				GCC_WARN_UNUSED_VARIABLE = YES;
				IPHONEOS_DEPLOYMENT_TARGET = 13.0;
				MTL_ENABLE_DEBUG_INFO = INCLUDE_SOURCE;
				MTL_FAST_MATH = YES;
				ONLY_ACTIVE_ARCH = YES;
				SDKROOT = iphoneos;
				SWIFT_ACTIVE_COMPILATION_CONDITIONS = DEBUG;
				SWIFT_OPTIMIZATION_LEVEL = "-Onone";
			};
			name = Debug;
		};
		454836112278B4D70024FF11 /* Release */ = {
			isa = XCBuildConfiguration;
			buildSettings = {
				ALWAYS_SEARCH_USER_PATHS = NO;
				CLANG_ANALYZER_NONNULL = YES;
				CLANG_ANALYZER_NUMBER_OBJECT_CONVERSION = YES_AGGRESSIVE;
				CLANG_CXX_LANGUAGE_STANDARD = "gnu++14";
				CLANG_CXX_LIBRARY = "libc++";
				CLANG_ENABLE_MODULES = YES;
				CLANG_ENABLE_OBJC_ARC = YES;
				CLANG_ENABLE_OBJC_WEAK = YES;
				CLANG_WARN_BLOCK_CAPTURE_AUTORELEASING = YES;
				CLANG_WARN_BOOL_CONVERSION = YES;
				CLANG_WARN_COMMA = YES;
				CLANG_WARN_CONSTANT_CONVERSION = YES;
				CLANG_WARN_DEPRECATED_OBJC_IMPLEMENTATIONS = YES;
				CLANG_WARN_DIRECT_OBJC_ISA_USAGE = YES_ERROR;
				CLANG_WARN_DOCUMENTATION_COMMENTS = YES;
				CLANG_WARN_EMPTY_BODY = YES;
				CLANG_WARN_ENUM_CONVERSION = YES;
				CLANG_WARN_INFINITE_RECURSION = YES;
				CLANG_WARN_INT_CONVERSION = YES;
				CLANG_WARN_NON_LITERAL_NULL_CONVERSION = YES;
				CLANG_WARN_OBJC_IMPLICIT_RETAIN_SELF = YES;
				CLANG_WARN_OBJC_LITERAL_CONVERSION = YES;
				CLANG_WARN_OBJC_ROOT_CLASS = YES_ERROR;
				CLANG_WARN_RANGE_LOOP_ANALYSIS = YES;
				CLANG_WARN_STRICT_PROTOTYPES = YES;
				CLANG_WARN_SUSPICIOUS_MOVE = YES;
				CLANG_WARN_UNGUARDED_AVAILABILITY = YES_AGGRESSIVE;
				CLANG_WARN_UNREACHABLE_CODE = YES;
				CLANG_WARN__DUPLICATE_METHOD_MATCH = YES;
				CODE_SIGN_IDENTITY = "iPhone Developer";
				COPY_PHASE_STRIP = NO;
				DEBUG_INFORMATION_FORMAT = "dwarf-with-dsym";
				ENABLE_NS_ASSERTIONS = NO;
				ENABLE_STRICT_OBJC_MSGSEND = YES;
				GCC_C_LANGUAGE_STANDARD = gnu11;
				GCC_NO_COMMON_BLOCKS = YES;
				GCC_WARN_64_TO_32_BIT_CONVERSION = YES;
				GCC_WARN_ABOUT_RETURN_TYPE = YES_ERROR;
				GCC_WARN_UNDECLARED_SELECTOR = YES;
				GCC_WARN_UNINITIALIZED_AUTOS = YES_AGGRESSIVE;
				GCC_WARN_UNUSED_FUNCTION = YES;
				GCC_WARN_UNUSED_VARIABLE = YES;
				IPHONEOS_DEPLOYMENT_TARGET = 13.0;
				MTL_ENABLE_DEBUG_INFO = NO;
				MTL_FAST_MATH = YES;
				SDKROOT = iphoneos;
				SWIFT_COMPILATION_MODE = wholemodule;
				SWIFT_OPTIMIZATION_LEVEL = "-O";
				VALIDATE_PRODUCT = YES;
			};
			name = Release;
		};
		454836132278B4D70024FF11 /* Debug */ = {
			isa = XCBuildConfiguration;
			baseConfigurationReference = A96E13D2CD746E76F57236C2 /* Pods-WidgetDash.debug.xcconfig */;
			buildSettings = {
				ASSETCATALOG_COMPILER_APPICON_NAME = AppIcon;
				CODE_SIGN_STYLE = Automatic;
				DEVELOPMENT_TEAM = 37AJSFSX3R;
				INFOPLIST_FILE = WidgetDash/Info.plist;
				IPHONEOS_DEPLOYMENT_TARGET = 10.0;
				LD_RUNPATH_SEARCH_PATHS = (
					"$(inherited)",
					"@executable_path/Frameworks",
				);
				PRODUCT_BUNDLE_IDENTIFIER = ilya.kuznetsov.WidgetDash;
				PRODUCT_NAME = "$(TARGET_NAME)";
				SWIFT_VERSION = 4.2;
				TARGETED_DEVICE_FAMILY = "1,2";
			};
			name = Debug;
		};
		454836142278B4D70024FF11 /* Release */ = {
			isa = XCBuildConfiguration;
			baseConfigurationReference = 5911D01581BDB04EDD186511 /* Pods-WidgetDash.release.xcconfig */;
			buildSettings = {
				ASSETCATALOG_COMPILER_APPICON_NAME = AppIcon;
				CODE_SIGN_STYLE = Automatic;
				DEVELOPMENT_TEAM = 37AJSFSX3R;
				INFOPLIST_FILE = WidgetDash/Info.plist;
				IPHONEOS_DEPLOYMENT_TARGET = 10.0;
				LD_RUNPATH_SEARCH_PATHS = (
					"$(inherited)",
					"@executable_path/Frameworks",
				);
				PRODUCT_BUNDLE_IDENTIFIER = ilya.kuznetsov.WidgetDash;
				PRODUCT_NAME = "$(TARGET_NAME)";
				SWIFT_VERSION = 4.2;
				TARGETED_DEVICE_FAMILY = "1,2";
			};
			name = Release;
		};
		45939A1622A330B800B023CA /* Debug */ = {
			isa = XCBuildConfiguration;
			buildSettings = {
				BUNDLE_LOADER = "$(TEST_HOST)";
				CODE_SIGN_STYLE = Automatic;
				DEVELOPMENT_TEAM = 37AJSFSX3R;
				INFOPLIST_FILE = WidgetDashTests/Info.plist;
				IPHONEOS_DEPLOYMENT_TARGET = 12.1;
				LD_RUNPATH_SEARCH_PATHS = (
					"$(inherited)",
					"@executable_path/Frameworks",
					"@loader_path/Frameworks",
				);
				PRODUCT_BUNDLE_IDENTIFIER = ilya.kuznetsov.WidgetDashTests;
				PRODUCT_NAME = "$(TARGET_NAME)";
				SWIFT_VERSION = 4.2;
				TARGETED_DEVICE_FAMILY = "1,2";
				TEST_HOST = "$(BUILT_PRODUCTS_DIR)/WidgetDash.app/WidgetDash";
			};
			name = Debug;
		};
		45939A1722A330B800B023CA /* Release */ = {
			isa = XCBuildConfiguration;
			buildSettings = {
				BUNDLE_LOADER = "$(TEST_HOST)";
				CODE_SIGN_STYLE = Automatic;
				DEVELOPMENT_TEAM = 37AJSFSX3R;
				INFOPLIST_FILE = WidgetDashTests/Info.plist;
				IPHONEOS_DEPLOYMENT_TARGET = 12.1;
				LD_RUNPATH_SEARCH_PATHS = (
					"$(inherited)",
					"@executable_path/Frameworks",
					"@loader_path/Frameworks",
				);
				PRODUCT_BUNDLE_IDENTIFIER = ilya.kuznetsov.WidgetDashTests;
				PRODUCT_NAME = "$(TARGET_NAME)";
				SWIFT_VERSION = 4.2;
				TARGETED_DEVICE_FAMILY = "1,2";
				TEST_HOST = "$(BUILT_PRODUCTS_DIR)/WidgetDash.app/WidgetDash";
			};
			name = Release;
		};
/* End XCBuildConfiguration section */

/* Begin XCConfigurationList section */
		454835FB2278B4D50024FF11 /* Build configuration list for PBXProject "WidgetDash" */ = {
			isa = XCConfigurationList;
			buildConfigurations = (
				454836102278B4D70024FF11 /* Debug */,
				454836112278B4D70024FF11 /* Release */,
			);
			defaultConfigurationIsVisible = 0;
			defaultConfigurationName = Release;
		};
		454836122278B4D70024FF11 /* Build configuration list for PBXNativeTarget "WidgetDash" */ = {
			isa = XCConfigurationList;
			buildConfigurations = (
				454836132278B4D70024FF11 /* Debug */,
				454836142278B4D70024FF11 /* Release */,
			);
			defaultConfigurationIsVisible = 0;
			defaultConfigurationName = Release;
		};
		45939A1822A330B800B023CA /* Build configuration list for PBXNativeTarget "WidgetDashTests" */ = {
			isa = XCConfigurationList;
			buildConfigurations = (
				45939A1622A330B800B023CA /* Debug */,
				45939A1722A330B800B023CA /* Release */,
			);
			defaultConfigurationIsVisible = 0;
			defaultConfigurationName = Release;
		};
/* End XCConfigurationList section */
	};
	rootObject = 454835F82278B4D50024FF11 /* Project object */;
}
